
Microsoft Visual Studio Solution File, Format Version 11.00
# Visual Studio 2010
Project("{FAE04EC0-301F-11D3-BF4B-00C04F79EFBC}") = "Romberg-MikePurvis", "Romberg-MikePurvis\Romberg-MikePurvis.csproj", "{EB6459AB-2313-4F14-92EA-69F53645C568}"
EndProject
Global
	GlobalSection(SolutionConfigurationPlatforms) = preSolution
		Debug|x86 = Debug|x86
		Release|x86 = Release|x86
	EndGlobalSection
	GlobalSection(ProjectConfigurationPlatforms) = postSolution
		{EB6459AB-2313-4F14-92EA-69F53645C568}.Debug|x86.ActiveCfg = Debug|x86
		{EB6459AB-2313-4F14-92EA-69F53645C568}.Debug|x86.Build.0 = Debug|x86
		{EB6459AB-2313-4F14-92EA-69F53645C568}.Release|x86.ActiveCfg = Release|x86
		{EB6459AB-2313-4F14-92EA-69F53645C568}.Release|x86.Build.0 = Release|x86
	EndGlobalSection
	GlobalSection(SolutionProperties) = preSolution
		HideSolutionNode = FALSE
	EndGlobalSection
EndGlobal
